
Microsoft Visual Studio Solution File, Format Version 12.00
# Visual Studio Version 17
VisualStudioVersion = 17.8.34525.116
MinimumVisualStudioVersion = 10.0.40219.1
Project("{FAE04EC0-301F-11D3-BF4B-00C04F79EFBC}") = "progettoS5L5", "progettoS5L5\progettoS5L5.csproj", "{FCB0A6B5-FBC2-427F-B2AF-FA803A6AFEBE}"
EndProject
Global
	GlobalSection(SolutionConfigurationPlatforms) = preSolution
		Debug|Any CPU = Debug|Any CPU
		Release|Any CPU = Release|Any CPU
	EndGlobalSection
	GlobalSection(ProjectConfigurationPlatforms) = postSolution
		{FCB0A6B5-FBC2-427F-B2AF-FA803A6AFEBE}.Debug|Any CPU.ActiveCfg = Debug|Any CPU
		{FCB0A6B5-FBC2-427F-B2AF-FA803A6AFEBE}.Debug|Any CPU.Build.0 = Debug|Any CPU
		{FCB0A6B5-FBC2-427F-B2AF-FA803A6AFEBE}.Release|Any CPU.ActiveCfg = Release|Any CPU
		{FCB0A6B5-FBC2-427F-B2AF-FA803A6AFEBE}.Release|Any CPU.Build.0 = Release|Any CPU
	EndGlobalSection
	GlobalSection(SolutionProperties) = preSolution
		HideSolutionNode = FALSE
	EndGlobalSection
	GlobalSection(ExtensibilityGlobals) = postSolution
		SolutionGuid = {47844AE1-0DFC-4C2D-9BE1-776299E298EC}
	EndGlobalSection
EndGlobal
